// !$*UTF8*$!
{
	archiveVersion = 1;
	classes = {
	};
	objectVersion = 56;
	objects = {

/* Begin PBXBuildFile section */
		A815FB9D2B0C556300132193 /* AppDelegate.m in Sources */ = {isa = PBXBuildFile; fileRef = A815FB9C2B0C556300132193 /* AppDelegate.m */; };
		A815FBA02B0C556300132193 /* SceneDelegate.m in Sources */ = {isa = PBXBuildFile; fileRef = A815FB9F2B0C556300132193 /* SceneDelegate.m */; };
		A815FBA32B0C556300132193 /* ViewController.m in Sources */ = {isa = PBXBuildFile; fileRef = A815FBA22B0C556300132193 /* ViewController.m */; };
		A815FBA62B0C556300132193 /* Main.storyboard in Resources */ = {isa = PBXBuildFile; fileRef = A815FBA42B0C556300132193 /* Main.storyboard */; };
		A815FBA82B0C556300132193 /* Assets.xcassets in Resources */ = {isa = PBXBuildFile; fileRef = A815FBA72B0C556300132193 /* Assets.xcassets */; };
		A815FBAB2B0C556300132193 /* LaunchScreen.storyboard in Resources */ = {isa = PBXBuildFile; fileRef = A815FBA92B0C556300132193 /* LaunchScreen.storyboard */; };
		A815FBAE2B0C556300132193 /* main.m in Sources */ = {isa = PBXBuildFile; fileRef = A815FBAD2B0C556300132193 /* main.m */; };
		A815FBB82B0C556400132193 /* DataCollectorTests.m in Sources */ = {isa = PBXBuildFile; fileRef = A815FBB72B0C556400132193 /* DataCollectorTests.m */; };
		A815FBC22B0C556400132193 /* DataCollectorUITests.m in Sources */ = {isa = PBXBuildFile; fileRef = A815FBC12B0C556400132193 /* DataCollectorUITests.m */; };
		A815FBC42B0C556400132193 /* DataCollectorUITestsLaunchTests.m in Sources */ = {isa = PBXBuildFile; fileRef = A815FBC32B0C556400132193 /* DataCollectorUITestsLaunchTests.m */; };
		A815FBD22B0C59FE00132193 /* UIKit.framework in Frameworks */ = {isa = PBXBuildFile; fileRef = A815FBD12B0C59FE00132193 /* UIKit.framework */; };
		A815FBD42B0C5A0A00132193 /* CoreFoundation.framework in Frameworks */ = {isa = PBXBuildFile; fileRef = A815FBD32B0C5A0A00132193 /* CoreFoundation.framework */; };
		A815FBD62B0C5A0F00132193 /* Foundation.framework in Frameworks */ = {isa = PBXBuildFile; fileRef = A815FBD52B0C5A0F00132193 /* Foundation.framework */; };
		A815FBD82B0C5A1500132193 /* AVFoundation.framework in Frameworks */ = {isa = PBXBuildFile; fileRef = A815FBD72B0C5A1500132193 /* AVFoundation.framework */; };
		A815FBDA2B0C5A2300132193 /* CoreMotion.framework in Frameworks */ = {isa = PBXBuildFile; fileRef = A815FBD92B0C5A2300132193 /* CoreMotion.framework */; };
		A815FBDD2B0C5A3F00132193 /* CollectorViewController.m in Sources */ = {isa = PBXBuildFile; fileRef = A815FBDC2B0C5A3F00132193 /* CollectorViewController.m */; };
/* End PBXBuildFile section */

/* Begin PBXContainerItemProxy section */
		A815FBB42B0C556400132193 /* PBXContainerItemProxy */ = {
			isa = PBXContainerItemProxy;
			containerPortal = A815FB902B0C556200132193 /* Project object */;
			proxyType = 1;
			remoteGlobalIDString = A815FB972B0C556200132193;
			remoteInfo = DataCollector;
		};
		A815FBBE2B0C556400132193 /* PBXContainerItemProxy */ = {
			isa = PBXContainerItemProxy;
			containerPortal = A815FB902B0C556200132193 /* Project object */;
			proxyType = 1;
			remoteGlobalIDString = A815FB972B0C556200132193;
			remoteInfo = DataCollector;
		};
/* End PBXContainerItemProxy section */

/* Begin PBXFileReference section */
		A815FB982B0C556300132193 /* DataCollector.app */ = {isa = PBXFileReference; explicitFileType = wrapper.application; includeInIndex = 0; path = DataCollector.app; sourceTree = BUILT_PRODUCTS_DIR; };
		A815FB9B2B0C556300132193 /* AppDelegate.h */ = {isa = PBXFileReference; lastKnownFileType = sourcecode.c.h; path = AppDelegate.h; sourceTree = "<group>"; };
		A815FB9C2B0C556300132193 /* AppDelegate.m */ = {isa = PBXFileReference; lastKnownFileType = sourcecode.c.objc; path = AppDelegate.m; sourceTree = "<group>"; };
		A815FB9E2B0C556300132193 /* SceneDelegate.h */ = {isa = PBXFileReference; lastKnownFileType = sourcecode.c.h; path = SceneDelegate.h; sourceTree = "<group>"; };
		A815FB9F2B0C556300132193 /* SceneDelegate.m */ = {isa = PBXFileReference; lastKnownFileType = sourcecode.c.objc; path = SceneDelegate.m; sourceTree = "<group>"; };
		A815FBA12B0C556300132193 /* ViewController.h */ = {isa = PBXFileReference; lastKnownFileType = sourcecode.c.h; path = ViewController.h; sourceTree = "<group>"; };
		A815FBA22B0C556300132193 /* ViewController.m */ = {isa = PBXFileReference; lastKnownFileType = sourcecode.c.objc; path = ViewController.m; sourceTree = "<group>"; };
		A815FBA52B0C556300132193 /* Base */ = {isa = PBXFileReference; lastKnownFileType = file.storyboard; name = Base; path = Base.lproj/Main.storyboard; sourceTree = "<group>"; };
		A815FBA72B0C556300132193 /* Assets.xcassets */ = {isa = PBXFileReference; lastKnownFileType = folder.assetcatalog; path = Assets.xcassets; sourceTree = "<group>"; };
		A815FBAA2B0C556300132193 /* Base */ = {isa = PBXFileReference; lastKnownFileType = file.storyboard; name = Base; path = Base.lproj/LaunchScreen.storyboard; sourceTree = "<group>"; };
		A815FBAC2B0C556300132193 /* Info.plist */ = {isa = PBXFileReference; lastKnownFileType = text.plist.xml; path = Info.plist; sourceTree = "<group>"; };
		A815FBAD2B0C556300132193 /* main.m */ = {isa = PBXFileReference; lastKnownFileType = sourcecode.c.objc; path = main.m; sourceTree = "<group>"; };
		A815FBB32B0C556400132193 /* DataCollectorTests.xctest */ = {isa = PBXFileReference; explicitFileType = wrapper.cfbundle; includeInIndex = 0; path = DataCollectorTests.xctest; sourceTree = BUILT_PRODUCTS_DIR; };
		A815FBB72B0C556400132193 /* DataCollectorTests.m */ = {isa = PBXFileReference; lastKnownFileType = sourcecode.c.objc; path = DataCollectorTests.m; sourceTree = "<group>"; };
		A815FBBD2B0C556400132193 /* DataCollectorUITests.xctest */ = {isa = PBXFileReference; explicitFileType = wrapper.cfbundle; includeInIndex = 0; path = DataCollectorUITests.xctest; sourceTree = BUILT_PRODUCTS_DIR; };
		A815FBC12B0C556400132193 /* DataCollectorUITests.m */ = {isa = PBXFileReference; lastKnownFileType = sourcecode.c.objc; path = DataCollectorUITests.m; sourceTree = "<group>"; };
		A815FBC32B0C556400132193 /* DataCollectorUITestsLaunchTests.m */ = {isa = PBXFileReference; lastKnownFileType = sourcecode.c.objc; path = DataCollectorUITestsLaunchTests.m; sourceTree = "<group>"; };
		A815FBD12B0C59FE00132193 /* UIKit.framework */ = {isa = PBXFileReference; lastKnownFileType = wrapper.framework; name = UIKit.framework; path = System/Library/Frameworks/UIKit.framework; sourceTree = SDKROOT; };
		A815FBD32B0C5A0A00132193 /* CoreFoundation.framework */ = {isa = PBXFileReference; lastKnownFileType = wrapper.framework; name = CoreFoundation.framework; path = System/Library/Frameworks/CoreFoundation.framework; sourceTree = SDKROOT; };
		A815FBD52B0C5A0F00132193 /* Foundation.framework */ = {isa = PBXFileReference; lastKnownFileType = wrapper.framework; name = Foundation.framework; path = System/Library/Frameworks/Foundation.framework; sourceTree = SDKROOT; };
		A815FBD72B0C5A1500132193 /* AVFoundation.framework */ = {isa = PBXFileReference; lastKnownFileType = wrapper.framework; name = AVFoundation.framework; path = System/Library/Frameworks/AVFoundation.framework; sourceTree = SDKROOT; };
		A815FBD92B0C5A2300132193 /* CoreMotion.framework */ = {isa = PBXFileReference; lastKnownFileType = wrapper.framework; name = CoreMotion.framework; path = System/Library/Frameworks/CoreMotion.framework; sourceTree = SDKROOT; };
		A815FBDB2B0C5A3F00132193 /* CollectorViewController.h */ = {isa = PBXFileReference; lastKnownFileType = sourcecode.c.h; path = CollectorViewController.h; sourceTree = "<group>"; };
		A815FBDC2B0C5A3F00132193 /* CollectorViewController.m */ = {isa = PBXFileReference; lastKnownFileType = sourcecode.c.objc; path = CollectorViewController.m; sourceTree = "<group>"; };
/* End PBXFileReference section */

/* Begin PBXFrameworksBuildPhase section */
		A815FB952B0C556200132193 /* Frameworks */ = {
			isa = PBXFrameworksBuildPhase;
			buildActionMask = 2147483647;
			files = (
				A815FBD82B0C5A1500132193 /* AVFoundation.framework in Frameworks */,
				A815FBD42B0C5A0A00132193 /* CoreFoundation.framework in Frameworks */,
				A815FBD62B0C5A0F00132193 /* Foundation.framework in Frameworks */,
				A815FBDA2B0C5A2300132193 /* CoreMotion.framework in Frameworks */,
				A815FBD22B0C59FE00132193 /* UIKit.framework in Frameworks */,
			);
			runOnlyForDeploymentPostprocessing = 0;
		};
		A815FBB02B0C556400132193 /* Frameworks */ = {
			isa = PBXFrameworksBuildPhase;
			buildActionMask = 2147483647;
			files = (
			);
			runOnlyForDeploymentPostprocessing = 0;
		};
		A815FBBA2B0C556400132193 /* Frameworks */ = {
			isa = PBXFrameworksBuildPhase;
			buildActionMask = 2147483647;
			files = (
			);
			runOnlyForDeploymentPostprocessing = 0;
		};
/* End PBXFrameworksBuildPhase section */

/* Begin PBXGroup section */
		A815FB8F2B0C556200132193 = {
			isa = PBXGroup;
			children = (
				A815FB9A2B0C556300132193 /* DataCollector */,
				A815FBB62B0C556400132193 /* DataCollectorTests */,
				A815FBC02B0C556400132193 /* DataCollectorUITests */,
				A815FB992B0C556300132193 /* Products */,
				A815FBD02B0C59FE00132193 /* Frameworks */,
			);
			sourceTree = "<group>";
		};
		A815FB992B0C556300132193 /* Products */ = {
			isa = PBXGroup;
			children = (
				A815FB982B0C556300132193 /* DataCollector.app */,
				A815FBB32B0C556400132193 /* DataCollectorTests.xctest */,
				A815FBBD2B0C556400132193 /* DataCollectorUITests.xctest */,
			);
			name = Products;
			sourceTree = "<group>";
		};
		A815FB9A2B0C556300132193 /* DataCollector */ = {
			isa = PBXGroup;
			children = (
				A815FB9B2B0C556300132193 /* AppDelegate.h */,
				A815FB9C2B0C556300132193 /* AppDelegate.m */,
				A815FB9E2B0C556300132193 /* SceneDelegate.h */,
				A815FB9F2B0C556300132193 /* SceneDelegate.m */,
				A815FBDB2B0C5A3F00132193 /* CollectorViewController.h */,
				A815FBDC2B0C5A3F00132193 /* CollectorViewController.m */,
				A815FBA12B0C556300132193 /* ViewController.h */,
				A815FBA22B0C556300132193 /* ViewController.m */,
				A815FBA42B0C556300132193 /* Main.storyboard */,
				A815FBA72B0C556300132193 /* Assets.xcassets */,
				A815FBA92B0C556300132193 /* LaunchScreen.storyboard */,
				A815FBAC2B0C556300132193 /* Info.plist */,
				A815FBAD2B0C556300132193 /* main.m */,
			);
			path = DataCollector;
			sourceTree = "<group>";
		};
		A815FBB62B0C556400132193 /* DataCollectorTests */ = {
			isa = PBXGroup;
			children = (
				A815FBB72B0C556400132193 /* DataCollectorTests.m */,
			);
			path = DataCollectorTests;
			sourceTree = "<group>";
		};
		A815FBC02B0C556400132193 /* DataCollectorUITests */ = {
			isa = PBXGroup;
			children = (
				A815FBC12B0C556400132193 /* DataCollectorUITests.m */,
				A815FBC32B0C556400132193 /* DataCollectorUITestsLaunchTests.m */,
			);
			path = DataCollectorUITests;
			sourceTree = "<group>";
		};
		A815FBD02B0C59FE00132193 /* Frameworks */ = {
			isa = PBXGroup;
			children = (
				A815FBD92B0C5A2300132193 /* CoreMotion.framework */,
				A815FBD72B0C5A1500132193 /* AVFoundation.framework */,
				A815FBD52B0C5A0F00132193 /* Foundation.framework */,
				A815FBD32B0C5A0A00132193 /* CoreFoundation.framework */,
				A815FBD12B0C59FE00132193 /* UIKit.framework */,
			);
			name = Frameworks;
			sourceTree = "<group>";
		};
/* End PBXGroup section */

/* Begin PBXNativeTarget section */
		A815FB972B0C556200132193 /* DataCollector */ = {
			isa = PBXNativeTarget;
			buildConfigurationList = A815FBC72B0C556400132193 /* Build configuration list for PBXNativeTarget "DataCollector" */;
			buildPhases = (
				A815FB942B0C556200132193 /* Sources */,
				A815FB952B0C556200132193 /* Frameworks */,
				A815FB962B0C556200132193 /* Resources */,
			);
			buildRules = (
			);
			dependencies = (
			);
			name = DataCollector;
			productName = DataCollector;
			productReference = A815FB982B0C556300132193 /* DataCollector.app */;
			productType = "com.apple.product-type.application";
		};
		A815FBB22B0C556400132193 /* DataCollectorTests */ = {
			isa = PBXNativeTarget;
			buildConfigurationList = A815FBCA2B0C556400132193 /* Build configuration list for PBXNativeTarget "DataCollectorTests" */;
			buildPhases = (
				A815FBAF2B0C556400132193 /* Sources */,
				A815FBB02B0C556400132193 /* Frameworks */,
				A815FBB12B0C556400132193 /* Resources */,
			);
			buildRules = (
			);
			dependencies = (
				A815FBB52B0C556400132193 /* PBXTargetDependency */,
			);
			name = DataCollectorTests;
			productName = DataCollectorTests;
			productReference = A815FBB32B0C556400132193 /* DataCollectorTests.xctest */;
			productType = "com.apple.product-type.bundle.unit-test";
		};
		A815FBBC2B0C556400132193 /* DataCollectorUITests */ = {
			isa = PBXNativeTarget;
			buildConfigurationList = A815FBCD2B0C556400132193 /* Build configuration list for PBXNativeTarget "DataCollectorUITests" */;
			buildPhases = (
				A815FBB92B0C556400132193 /* Sources */,
				A815FBBA2B0C556400132193 /* Frameworks */,
				A815FBBB2B0C556400132193 /* Resources */,
			);
			buildRules = (
			);
			dependencies = (
				A815FBBF2B0C556400132193 /* PBXTargetDependency */,
			);
			name = DataCollectorUITests;
			productName = DataCollectorUITests;
			productReference = A815FBBD2B0C556400132193 /* DataCollectorUITests.xctest */;
			productType = "com.apple.product-type.bundle.ui-testing";
		};
/* End PBXNativeTarget section */

/* Begin PBXProject section */
		A815FB902B0C556200132193 /* Project object */ = {
			isa = PBXProject;
			attributes = {
				BuildIndependentTargetsInParallel = 1;
				LastUpgradeCheck = 1500;
				TargetAttributes = {
					A815FB972B0C556200132193 = {
						CreatedOnToolsVersion = 15.0.1;
					};
					A815FBB22B0C556400132193 = {
						CreatedOnToolsVersion = 15.0.1;
						TestTargetID = A815FB972B0C556200132193;
					};
					A815FBBC2B0C556400132193 = {
						CreatedOnToolsVersion = 15.0.1;
						TestTargetID = A815FB972B0C556200132193;
					};
				};
			};
			buildConfigurationList = A815FB932B0C556200132193 /* Build configuration list for PBXProject "DataCollector" */;
			compatibilityVersion = "Xcode 14.0";
			developmentRegion = en;
			hasScannedForEncodings = 0;
			knownRegions = (
				en,
				Base,
			);
			mainGroup = A815FB8F2B0C556200132193;
			productRefGroup = A815FB992B0C556300132193 /* Products */;
			projectDirPath = "";
			projectRoot = "";
			targets = (
				A815FB972B0C556200132193 /* DataCollector */,
				A815FBB22B0C556400132193 /* DataCollectorTests */,
				A815FBBC2B0C556400132193 /* DataCollectorUITests */,
			);
		};
/* End PBXProject section */

/* Begin PBXResourcesBuildPhase section */
		A815FB962B0C556200132193 /* Resources */ = {
			isa = PBXResourcesBuildPhase;
			buildActionMask = 2147483647;
			files = (
				A815FBAB2B0C556300132193 /* LaunchScreen.storyboard in Resources */,
				A815FBA82B0C556300132193 /* Assets.xcassets in Resources */,
				A815FBA62B0C556300132193 /* Main.storyboard in Resources */,
			);
			runOnlyForDeploymentPostprocessing = 0;
		};
		A815FBB12B0C556400132193 /* Resources */ = {
			isa = PBXResourcesBuildPhase;
			buildActionMask = 2147483647;
			files = (
			);
			runOnlyForDeploymentPostprocessing = 0;
		};
		A815FBBB2B0C556400132193 /* Resources */ = {
			isa = PBXResourcesBuildPhase;
			buildActionMask = 2147483647;
			files = (
			);
			runOnlyForDeploymentPostprocessing = 0;
		};
/* End PBXResourcesBuildPhase section */

/* Begin PBXSourcesBuildPhase section */
		A815FB942B0C556200132193 /* Sources */ = {
			isa = PBXSourcesBuildPhase;
			buildActionMask = 2147483647;
			files = (
				A815FBA32B0C556300132193 /* ViewController.m in Sources */,
				A815FBDD2B0C5A3F00132193 /* CollectorViewController.m in Sources */,
				A815FB9D2B0C556300132193 /* AppDelegate.m in Sources */,
				A815FBAE2B0C556300132193 /* main.m in Sources */,
				A815FBA02B0C556300132193 /* SceneDelegate.m in Sources */,
			);
			runOnlyForDeploymentPostprocessing = 0;
		};
		A815FBAF2B0C556400132193 /* Sources */ = {
			isa = PBXSourcesBuildPhase;
			buildActionMask = 2147483647;
			files = (
				A815FBB82B0C556400132193 /* DataCollectorTests.m in Sources */,
			);
			runOnlyForDeploymentPostprocessing = 0;
		};
		A815FBB92B0C556400132193 /* Sources */ = {
			isa = PBXSourcesBuildPhase;
			buildActionMask = 2147483647;
			files = (
				A815FBC42B0C556400132193 /* DataCollectorUITestsLaunchTests.m in Sources */,
				A815FBC22B0C556400132193 /* DataCollectorUITests.m in Sources */,
			);
			runOnlyForDeploymentPostprocessing = 0;
		};
/* End PBXSourcesBuildPhase section */

/* Begin PBXTargetDependency section */
		A815FBB52B0C556400132193 /* PBXTargetDependency */ = {
			isa = PBXTargetDependency;
			target = A815FB972B0C556200132193 /* DataCollector */;
			targetProxy = A815FBB42B0C556400132193 /* PBXContainerItemProxy */;
		};
		A815FBBF2B0C556400132193 /* PBXTargetDependency */ = {
			isa = PBXTargetDependency;
			target = A815FB972B0C556200132193 /* DataCollector */;
			targetProxy = A815FBBE2B0C556400132193 /* PBXContainerItemProxy */;
		};
/* End PBXTargetDependency section */

/* Begin PBXVariantGroup section */
		A815FBA42B0C556300132193 /* Main.storyboard */ = {
			isa = PBXVariantGroup;
			children = (
				A815FBA52B0C556300132193 /* Base */,
			);
			name = Main.storyboard;
			sourceTree = "<group>";
		};
		A815FBA92B0C556300132193 /* LaunchScreen.storyboard */ = {
			isa = PBXVariantGroup;
			children = (
				A815FBAA2B0C556300132193 /* Base */,
			);
			name = LaunchScreen.storyboard;
			sourceTree = "<group>";
		};
/* End PBXVariantGroup section */

/* Begin XCBuildConfiguration section */
		A815FBC52B0C556400132193 /* Debug */ = {
			isa = XCBuildConfiguration;
			buildSettings = {
				ALWAYS_SEARCH_USER_PATHS = NO;
				ASSETCATALOG_COMPILER_GENERATE_SWIFT_ASSET_SYMBOL_EXTENSIONS = YES;
				CLANG_ANALYZER_NONNULL = YES;
				CLANG_ANALYZER_NUMBER_OBJECT_CONVERSION = YES_AGGRESSIVE;
				CLANG_CXX_LANGUAGE_STANDARD = "gnu++20";
				CLANG_ENABLE_MODULES = YES;
				CLANG_ENABLE_OBJC_ARC = YES;
				CLANG_ENABLE_OBJC_WEAK = YES;
				CLANG_WARN_BLOCK_CAPTURE_AUTORELEASING = YES;
				CLANG_WARN_BOOL_CONVERSION = YES;
				CLANG_WARN_COMMA = YES;
				CLANG_WARN_CONSTANT_CONVERSION = YES;
				CLANG_WARN_DEPRECATED_OBJC_IMPLEMENTATIONS = YES;
				CLANG_WARN_DIRECT_OBJC_ISA_USAGE = YES_ERROR;
				CLANG_WARN_DOCUMENTATION_COMMENTS = YES;
				CLANG_WARN_EMPTY_BODY = YES;
				CLANG_WARN_ENUM_CONVERSION = YES;
				CLANG_WARN_INFINITE_RECURSION = YES;
				CLANG_WARN_INT_CONVERSION = YES;
				CLANG_WARN_NON_LITERAL_NULL_CONVERSION = YES;
				CLANG_WARN_OBJC_IMPLICIT_RETAIN_SELF = YES;
				CLANG_WARN_OBJC_LITERAL_CONVERSION = YES;
				CLANG_WARN_OBJC_ROOT_CLASS = YES_ERROR;
				CLANG_WARN_QUOTED_INCLUDE_IN_FRAMEWORK_HEADER = YES;
				CLANG_WARN_RANGE_LOOP_ANALYSIS = YES;
				CLANG_WARN_STRICT_PROTOTYPES = YES;
				CLANG_WARN_SUSPICIOUS_MOVE = YES;
				CLANG_WARN_UNGUARDED_AVAILABILITY = YES_AGGRESSIVE;
				CLANG_WARN_UNREACHABLE_CODE = YES;
				CLANG_WARN__DUPLICATE_METHOD_MATCH = YES;
				COPY_PHASE_STRIP = NO;
				DEBUG_INFORMATION_FORMAT = dwarf;
				ENABLE_STRICT_OBJC_MSGSEND = YES;
				ENABLE_TESTABILITY = YES;
				ENABLE_USER_SCRIPT_SANDBOXING = YES;
				GCC_C_LANGUAGE_STANDARD = gnu17;
				GCC_DYNAMIC_NO_PIC = NO;
				GCC_NO_COMMON_BLOCKS = YES;
				GCC_OPTIMIZATION_LEVEL = 0;
				GCC_PREPROCESSOR_DEFINITIONS = (
					"DEBUG=1",
					"$(inherited)",
				);
				GCC_WARN_64_TO_32_BIT_CONVERSION = YES;
				GCC_WARN_ABOUT_RETURN_TYPE = YES_ERROR;
				GCC_WARN_UNDECLARED_SELECTOR = YES;
				GCC_WARN_UNINITIALIZED_AUTOS = YES_AGGRESSIVE;
				GCC_WARN_UNUSED_FUNCTION = YES;
				GCC_WARN_UNUSED_VARIABLE = YES;
				IPHONEOS_DEPLOYMENT_TARGET = 17.0;
				LOCALIZATION_PREFERS_STRING_CATALOGS = YES;
				MTL_ENABLE_DEBUG_INFO = INCLUDE_SOURCE;
				MTL_FAST_MATH = YES;
				ONLY_ACTIVE_ARCH = YES;
				SDKROOT = iphoneos;
			};
			name = Debug;
		};
		A815FBC62B0C556400132193 /* Release */ = {
			isa = XCBuildConfiguration;
			buildSettings = {
				ALWAYS_SEARCH_USER_PATHS = NO;
				ASSETCATALOG_COMPILER_GENERATE_SWIFT_ASSET_SYMBOL_EXTENSIONS = YES;
				CLANG_ANALYZER_NONNULL = YES;
				CLANG_ANALYZER_NUMBER_OBJECT_CONVERSION = YES_AGGRESSIVE;
				CLANG_CXX_LANGUAGE_STANDARD = "gnu++20";
				CLANG_ENABLE_MODULES = YES;
				CLANG_ENABLE_OBJC_ARC = YES;
				CLANG_ENABLE_OBJC_WEAK = YES;
				CLANG_WARN_BLOCK_CAPTURE_AUTORELEASING = YES;
				CLANG_WARN_BOOL_CONVERSION = YES;
				CLANG_WARN_COMMA = YES;
				CLANG_WARN_CONSTANT_CONVERSION = YES;
				CLANG_WARN_DEPRECATED_OBJC_IMPLEMENTATIONS = YES;
				CLANG_WARN_DIRECT_OBJC_ISA_USAGE = YES_ERROR;
				CLANG_WARN_DOCUMENTATION_COMMENTS = YES;
				CLANG_WARN_EMPTY_BODY = YES;
				CLANG_WARN_ENUM_CONVERSION = YES;
				CLANG_WARN_INFINITE_RECURSION = YES;
				CLANG_WARN_INT_CONVERSION = YES;
				CLANG_WARN_NON_LITERAL_NULL_CONVERSION = YES;
				CLANG_WARN_OBJC_IMPLICIT_RETAIN_SELF = YES;
				CLANG_WARN_OBJC_LITERAL_CONVERSION = YES;
				CLANG_WARN_OBJC_ROOT_CLASS = YES_ERROR;
				CLANG_WARN_QUOTED_INCLUDE_IN_FRAMEWORK_HEADER = YES;
				CLANG_WARN_RANGE_LOOP_ANALYSIS = YES;
				CLANG_WARN_STRICT_PROTOTYPES = YES;
				CLANG_WARN_SUSPICIOUS_MOVE = YES;
				CLANG_WARN_UNGUARDED_AVAILABILITY = YES_AGGRESSIVE;
				CLANG_WARN_UNREACHABLE_CODE = YES;
				CLANG_WARN__DUPLICATE_METHOD_MATCH = YES;
				COPY_PHASE_STRIP = NO;
				DEBUG_INFORMATION_FORMAT = "dwarf-with-dsym";
				ENABLE_NS_ASSERTIONS = NO;
				ENABLE_STRICT_OBJC_MSGSEND = YES;
				ENABLE_USER_SCRIPT_SANDBOXING = YES;
				GCC_C_LANGUAGE_STANDARD = gnu17;
				GCC_NO_COMMON_BLOCKS = YES;
				GCC_WARN_64_TO_32_BIT_CONVERSION = YES;
				GCC_WARN_ABOUT_RETURN_TYPE = YES_ERROR;
				GCC_WARN_UNDECLARED_SELECTOR = YES;
				GCC_WARN_UNINITIALIZED_AUTOS = YES_AGGRESSIVE;
				GCC_WARN_UNUSED_FUNCTION = YES;
				GCC_WARN_UNUSED_VARIABLE = YES;
				IPHONEOS_DEPLOYMENT_TARGET = 17.0;
				LOCALIZATION_PREFERS_STRING_CATALOGS = YES;
				MTL_ENABLE_DEBUG_INFO = NO;
				MTL_FAST_MATH = YES;
				SDKROOT = iphoneos;
				VALIDATE_PRODUCT = YES;
			};
			name = Release;
		};
		A815FBC82B0C556400132193 /* Debug */ = {
			isa = XCBuildConfiguration;
			buildSettings = {
				ASSETCATALOG_COMPILER_APPICON_NAME = AppIcon;
				ASSETCATALOG_COMPILER_GLOBAL_ACCENT_COLOR_NAME = AccentColor;
				CODE_SIGN_STYLE = Automatic;
				CURRENT_PROJECT_VERSION = 1;
				DEVELOPMENT_TEAM = T2NJQLQ39T;
				GENERATE_INFOPLIST_FILE = YES;
				INFOPLIST_FILE = DataCollector/Info.plist;
				INFOPLIST_KEY_UIApplicationSupportsIndirectInputEvents = YES;
				INFOPLIST_KEY_UILaunchStoryboardName = LaunchScreen;
				INFOPLIST_KEY_UIMainStoryboardFile = Main;
				INFOPLIST_KEY_UIStatusBarStyle = "";
				INFOPLIST_KEY_UISupportedInterfaceOrientations = UIInterfaceOrientationPortrait;
				LD_RUNPATH_SEARCH_PATHS = (
					"$(inherited)",
					"@executable_path/Frameworks",
				);
				MARKETING_VERSION = 1.0;
				PRODUCT_BUNDLE_IDENTIFIER = org.hkust.isdn5300.DataCollector;
				PRODUCT_NAME = "$(TARGET_NAME)";
				SWIFT_EMIT_LOC_STRINGS = YES;
				TARGETED_DEVICE_FAMILY = "1,2";
			};
			name = Debug;
		};
		A815FBC92B0C556400132193 /* Release */ = {
			isa = XCBuildConfiguration;
			buildSettings = {
				ASSETCATALOG_COMPILER_APPICON_NAME = AppIcon;
				ASSETCATALOG_COMPILER_GLOBAL_ACCENT_COLOR_NAME = AccentColor;
				CODE_SIGN_STYLE = Automatic;
				CURRENT_PROJECT_VERSION = 1;
				DEVELOPMENT_TEAM = T2NJQLQ39T;
				GENERATE_INFOPLIST_FILE = YES;
				INFOPLIST_FILE = DataCollector/Info.plist;
				INFOPLIST_KEY_UIApplicationSupportsIndirectInputEvents = YES;
				INFOPLIST_KEY_UILaunchStoryboardName = LaunchScreen;
				INFOPLIST_KEY_UIMainStoryboardFile = Main;
				INFOPLIST_KEY_UIStatusBarStyle = "";
				INFOPLIST_KEY_UISupportedInterfaceOrientations = UIInterfaceOrientationPortrait;
				LD_RUNPATH_SEARCH_PATHS = (
					"$(inherited)",
					"@executable_path/Frameworks",
				);
				MARKETING_VERSION = 1.0;
				PRODUCT_BUNDLE_IDENTIFIER = org.hkust.isdn5300.DataCollector;
				PRODUCT_NAME = "$(TARGET_NAME)";
				SWIFT_EMIT_LOC_STRINGS = YES;
				TARGETED_DEVICE_FAMILY = "1,2";
			};
			name = Release;
		};
		A815FBCB2B0C556400132193 /* Debug */ = {
			isa = XCBuildConfiguration;
			buildSettings = {
				BUNDLE_LOADER = "$(TEST_HOST)";
				CODE_SIGN_STYLE = Automatic;
				CURRENT_PROJECT_VERSION = 1;
				DEVELOPMENT_TEAM = T2NJQLQ39T;
				GENERATE_INFOPLIST_FILE = YES;
				IPHONEOS_DEPLOYMENT_TARGET = 17.0;
				MARKETING_VERSION = 1.0;
				PRODUCT_BUNDLE_IDENTIFIER = org.hkust.isdn5300.DataCollectorTests;
				PRODUCT_NAME = "$(TARGET_NAME)";
				SWIFT_EMIT_LOC_STRINGS = NO;
				TARGETED_DEVICE_FAMILY = "1,2";
				TEST_HOST = "$(BUILT_PRODUCTS_DIR)/DataCollector.app/$(BUNDLE_EXECUTABLE_FOLDER_PATH)/DataCollector";
			};
			name = Debug;
		};
		A815FBCC2B0C556400132193 /* Release */ = {
			isa = XCBuildConfiguration;
			buildSettings = {
				BUNDLE_LOADER = "$(TEST_HOST)";
				CODE_SIGN_STYLE = Automatic;
				CURRENT_PROJECT_VERSION = 1;
				DEVELOPMENT_TEAM = T2NJQLQ39T;
				GENERATE_INFOPLIST_FILE = YES;
				IPHONEOS_DEPLOYMENT_TARGET = 17.0;
				MARKETING_VERSION = 1.0;
				PRODUCT_BUNDLE_IDENTIFIER = org.hkust.isdn5300.DataCollectorTests;
				PRODUCT_NAME = "$(TARGET_NAME)";
				SWIFT_EMIT_LOC_STRINGS = NO;
				TARGETED_DEVICE_FAMILY = "1,2";
				TEST_HOST = "$(BUILT_PRODUCTS_DIR)/DataCollector.app/$(BUNDLE_EXECUTABLE_FOLDER_PATH)/DataCollector";
			};
			name = Release;
		};
		A815FBCE2B0C556400132193 /* Debug */ = {
			isa = XCBuildConfiguration;
			buildSettings = {
				CODE_SIGN_STYLE = Automatic;
				CURRENT_PROJECT_VERSION = 1;
				DEVELOPMENT_TEAM = T2NJQLQ39T;
				GENERATE_INFOPLIST_FILE = YES;
				MARKETING_VERSION = 1.0;
				PRODUCT_BUNDLE_IDENTIFIER = org.hkust.isdn5300.DataCollectorUITests;
				PRODUCT_NAME = "$(TARGET_NAME)";
				SWIFT_EMIT_LOC_STRINGS = NO;
				TARGETED_DEVICE_FAMILY = "1,2";
				TEST_TARGET_NAME = DataCollector;
			};
			name = Debug;
		};
		A815FBCF2B0C556400132193 /* Release */ = {
			isa = XCBuildConfiguration;
			buildSettings = {
				CODE_SIGN_STYLE = Automatic;
				CURRENT_PROJECT_VERSION = 1;
				DEVELOPMENT_TEAM = T2NJQLQ39T;
				GENERATE_INFOPLIST_FILE = YES;
				MARKETING_VERSION = 1.0;
				PRODUCT_BUNDLE_IDENTIFIER = org.hkust.isdn5300.DataCollectorUITests;
				PRODUCT_NAME = "$(TARGET_NAME)";
				SWIFT_EMIT_LOC_STRINGS = NO;
				TARGETED_DEVICE_FAMILY = "1,2";
				TEST_TARGET_NAME = DataCollector;
			};
			name = Release;
		};
/* End XCBuildConfiguration section */

/* Begin XCConfigurationList section */
		A815FB932B0C556200132193 /* Build configuration list for PBXProject "DataCollector" */ = {
			isa = XCConfigurationList;
			buildConfigurations = (
				A815FBC52B0C556400132193 /* Debug */,
				A815FBC62B0C556400132193 /* Release */,
			);
			defaultConfigurationIsVisible = 0;
			defaultConfigurationName = Release;
		};
		A815FBC72B0C556400132193 /* Build configuration list for PBXNativeTarget "DataCollector" */ = {
			isa = XCConfigurationList;
			buildConfigurations = (
				A815FBC82B0C556400132193 /* Debug */,
				A815FBC92B0C556400132193 /* Release */,
			);
			defaultConfigurationIsVisible = 0;
			defaultConfigurationName = Release;
		};
		A815FBCA2B0C556400132193 /* Build configuration list for PBXNativeTarget "DataCollectorTests" */ = {
			isa = XCConfigurationList;
			buildConfigurations = (
				A815FBCB2B0C556400132193 /* Debug */,
				A815FBCC2B0C556400132193 /* Release */,
			);
			defaultConfigurationIsVisible = 0;
			defaultConfigurationName = Release;
		};
		A815FBCD2B0C556400132193 /* Build configuration list for PBXNativeTarget "DataCollectorUITests" */ = {
			isa = XCConfigurationList;
			buildConfigurations = (
				A815FBCE2B0C556400132193 /* Debug */,
				A815FBCF2B0C556400132193 /* Release */,
			);
			defaultConfigurationIsVisible = 0;
			defaultConfigurationName = Release;
		};
/* End XCConfigurationList section */
	};
	rootObject = A815FB902B0C556200132193 /* Project object */;
}
